// !$*UTF8*$!
{
	archiveVersion = 1;
	classes = {
	};
	objectVersion = 46;
	objects = {

/* Begin PBXBuildFile section */
		23AEB9981A2F8639002AEFFF /* AppDelegate.swift in Sources */ = {isa = PBXBuildFile; fileRef = 23AEB9971A2F8639002AEFFF /* AppDelegate.swift */; };
		23AEB99A1A2F8639002AEFFF /* ViewController.swift in Sources */ = {isa = PBXBuildFile; fileRef = 23AEB9991A2F8639002AEFFF /* ViewController.swift */; };
		23AEB99D1A2F8639002AEFFF /* Main.storyboard in Resources */ = {isa = PBXBuildFile; fileRef = 23AEB99B1A2F8639002AEFFF /* Main.storyboard */; };
		23AEB99F1A2F8639002AEFFF /* Images.xcassets in Resources */ = {isa = PBXBuildFile; fileRef = 23AEB99E1A2F8639002AEFFF /* Images.xcassets */; };
		23AEB9A21A2F8639002AEFFF /* LaunchScreen.xib in Resources */ = {isa = PBXBuildFile; fileRef = 23AEB9A01A2F8639002AEFFF /* LaunchScreen.xib */; };
		23AEB9AE1A2F8639002AEFFF /* SlotMachineTests.swift in Sources */ = {isa = PBXBuildFile; fileRef = 23AEB9AD1A2F8639002AEFFF /* SlotMachineTests.swift */; };
/* End PBXBuildFile section */

/* Begin PBXContainerItemProxy section */
		23AEB9A81A2F8639002AEFFF /* PBXContainerItemProxy */ = {
			isa = PBXContainerItemProxy;
			containerPortal = 23AEB98A1A2F8639002AEFFF /* Project object */;
			proxyType = 1;
			remoteGlobalIDString = 23AEB9911A2F8639002AEFFF;
			remoteInfo = SlotMachine;
		};
/* End PBXContainerItemProxy section */

/* Begin PBXFileReference section */
		23AEB9921A2F8639002AEFFF /* SlotMachine.app */ = {isa = PBXFileReference; explicitFileType = wrapper.application; includeInIndex = 0; path = SlotMachine.app; sourceTree = BUILT_PRODUCTS_DIR; };
		23AEB9961A2F8639002AEFFF /* Info.plist */ = {isa = PBXFileReference; lastKnownFileType = text.plist.xml; path = Info.plist; sourceTree = "<group>"; };
		23AEB9971A2F8639002AEFFF /* AppDelegate.swift */ = {isa = PBXFileReference; lastKnownFileType = sourcecode.swift; path = AppDelegate.swift; sourceTree = "<group>"; };
		23AEB9991A2F8639002AEFFF /* ViewController.swift */ = {isa = PBXFileReference; lastKnownFileType = sourcecode.swift; path = ViewController.swift; sourceTree = "<group>"; };
		23AEB99C1A2F8639002AEFFF /* Base */ = {isa = PBXFileReference; lastKnownFileType = file.storyboard; name = Base; path = Base.lproj/Main.storyboard; sourceTree = "<group>"; };
		23AEB99E1A2F8639002AEFFF /* Images.xcassets */ = {isa = PBXFileReference; lastKnownFileType = folder.assetcatalog; path = Images.xcassets; sourceTree = "<group>"; };
		23AEB9A11A2F8639002AEFFF /* Base */ = {isa = PBXFileReference; lastKnownFileType = file.xib; name = Base; path = Base.lproj/LaunchScreen.xib; sourceTree = "<group>"; };
		23AEB9A71A2F8639002AEFFF /* SlotMachineTests.xctest */ = {isa = PBXFileReference; explicitFileType = wrapper.cfbundle; includeInIndex = 0; path = SlotMachineTests.xctest; sourceTree = BUILT_PRODUCTS_DIR; };
		23AEB9AC1A2F8639002AEFFF /* Info.plist */ = {isa = PBXFileReference; lastKnownFileType = text.plist.xml; path = Info.plist; sourceTree = "<group>"; };
		23AEB9AD1A2F8639002AEFFF /* SlotMachineTests.swift */ = {isa = PBXFileReference; lastKnownFileType = sourcecode.swift; path = SlotMachineTests.swift; sourceTree = "<group>"; };
/* End PBXFileReference section */

/* Begin PBXFrameworksBuildPhase section */
		23AEB98F1A2F8639002AEFFF /* Frameworks */ = {
			isa = PBXFrameworksBuildPhase;
			buildActionMask = 2147483647;
			files = (
			);
			runOnlyForDeploymentPostprocessing = 0;
		};
		23AEB9A41A2F8639002AEFFF /* Frameworks */ = {
			isa = PBXFrameworksBuildPhase;
			buildActionMask = 2147483647;
			files = (
			);
			runOnlyForDeploymentPostprocessing = 0;
		};
/* End PBXFrameworksBuildPhase section */

/* Begin PBXGroup section */
		23AEB9891A2F8639002AEFFF = {
			isa = PBXGroup;
			children = (
				23AEB9941A2F8639002AEFFF /* SlotMachine */,
				23AEB9AA1A2F8639002AEFFF /* SlotMachineTests */,
				23AEB9931A2F8639002AEFFF /* Products */,
			);
			sourceTree = "<group>";
		};
		23AEB9931A2F8639002AEFFF /* Products */ = {
			isa = PBXGroup;
			children = (
				23AEB9921A2F8639002AEFFF /* SlotMachine.app */,
				23AEB9A71A2F8639002AEFFF /* SlotMachineTests.xctest */,
			);
			name = Products;
			sourceTree = "<group>";
		};
		23AEB9941A2F8639002AEFFF /* SlotMachine */ = {
			isa = PBXGroup;
			children = (
				23AEB9971A2F8639002AEFFF /* AppDelegate.swift */,
				23AEB9991A2F8639002AEFFF /* ViewController.swift */,
				23AEB99B1A2F8639002AEFFF /* Main.storyboard */,
				23AEB99E1A2F8639002AEFFF /* Images.xcassets */,
				23AEB9A01A2F8639002AEFFF /* LaunchScreen.xib */,
				23AEB9951A2F8639002AEFFF /* Supporting Files */,
			);
			path = SlotMachine;
			sourceTree = "<group>";
		};
		23AEB9951A2F8639002AEFFF /* Supporting Files */ = {
			isa = PBXGroup;
			children = (
				23AEB9961A2F8639002AEFFF /* Info.plist */,
			);
			name = "Supporting Files";
			sourceTree = "<group>";
		};
		23AEB9AA1A2F8639002AEFFF /* SlotMachineTests */ = {
			isa = PBXGroup;
			children = (
				23AEB9AD1A2F8639002AEFFF /* SlotMachineTests.swift */,
				23AEB9AB1A2F8639002AEFFF /* Supporting Files */,
			);
			path = SlotMachineTests;
			sourceTree = "<group>";
		};
		23AEB9AB1A2F8639002AEFFF /* Supporting Files */ = {
			isa = PBXGroup;
			children = (
				23AEB9AC1A2F8639002AEFFF /* Info.plist */,
			);
			name = "Supporting Files";
			sourceTree = "<group>";
		};
/* End PBXGroup section */

/* Begin PBXNativeTarget section */
		23AEB9911A2F8639002AEFFF /* SlotMachine */ = {
			isa = PBXNativeTarget;
			buildConfigurationList = 23AEB9B11A2F8639002AEFFF /* Build configuration list for PBXNativeTarget "SlotMachine" */;
			buildPhases = (
				23AEB98E1A2F8639002AEFFF /* Sources */,
				23AEB98F1A2F8639002AEFFF /* Frameworks */,
				23AEB9901A2F8639002AEFFF /* Resources */,
			);
			buildRules = (
			);
			dependencies = (
			);
			name = SlotMachine;
			productName = SlotMachine;
			productReference = 23AEB9921A2F8639002AEFFF /* SlotMachine.app */;
			productType = "com.apple.product-type.application";
		};
		23AEB9A61A2F8639002AEFFF /* SlotMachineTests */ = {
			isa = PBXNativeTarget;
			buildConfigurationList = 23AEB9B41A2F8639002AEFFF /* Build configuration list for PBXNativeTarget "SlotMachineTests" */;
			buildPhases = (
				23AEB9A31A2F8639002AEFFF /* Sources */,
				23AEB9A41A2F8639002AEFFF /* Frameworks */,
				23AEB9A51A2F8639002AEFFF /* Resources */,
			);
			buildRules = (
			);
			dependencies = (
				23AEB9A91A2F8639002AEFFF /* PBXTargetDependency */,
			);
			name = SlotMachineTests;
			productName = SlotMachineTests;
			productReference = 23AEB9A71A2F8639002AEFFF /* SlotMachineTests.xctest */;
			productType = "com.apple.product-type.bundle.unit-test";
		};
/* End PBXNativeTarget section */

/* Begin PBXProject section */
		23AEB98A1A2F8639002AEFFF /* Project object */ = {
			isa = PBXProject;
			attributes = {
				LastUpgradeCheck = 0610;
				ORGANIZATIONNAME = "CreativeTech Inc";
				TargetAttributes = {
					23AEB9911A2F8639002AEFFF = {
						CreatedOnToolsVersion = 6.1;
					};
					23AEB9A61A2F8639002AEFFF = {
						CreatedOnToolsVersion = 6.1;
						TestTargetID = 23AEB9911A2F8639002AEFFF;
					};
				};
			};
			buildConfigurationList = 23AEB98D1A2F8639002AEFFF /* Build configuration list for PBXProject "SlotMachine" */;
			compatibilityVersion = "Xcode 3.2";
			developmentRegion = English;
			hasScannedForEncodings = 0;
			knownRegions = (
				en,
				Base,
			);
			mainGroup = 23AEB9891A2F8639002AEFFF;
			productRefGroup = 23AEB9931A2F8639002AEFFF /* Products */;
			projectDirPath = "";
			projectRoot = "";
			targets = (
				23AEB9911A2F8639002AEFFF /* SlotMachine */,
				23AEB9A61A2F8639002AEFFF /* SlotMachineTests */,
			);
		};
/* End PBXProject section */

/* Begin PBXResourcesBuildPhase section */
		23AEB9901A2F8639002AEFFF /* Resources */ = {
			isa = PBXResourcesBuildPhase;
			buildActionMask = 2147483647;
			files = (
				23AEB99D1A2F8639002AEFFF /* Main.storyboard in Resources */,
				23AEB9A21A2F8639002AEFFF /* LaunchScreen.xib in Resources */,
				23AEB99F1A2F8639002AEFFF /* Images.xcassets in Resources */,
			);
			runOnlyForDeploymentPostprocessing = 0;
		};
		23AEB9A51A2F8639002AEFFF /* Resources */ = {
			isa = PBXResourcesBuildPhase;
			buildActionMask = 2147483647;
			files = (
			);
			runOnlyForDeploymentPostprocessing = 0;
		};
/* End PBXResourcesBuildPhase section */

/* Begin PBXSourcesBuildPhase section */
		23AEB98E1A2F8639002AEFFF /* Sources */ = {
			isa = PBXSourcesBuildPhase;
			buildActionMask = 2147483647;
			files = (
				23AEB99A1A2F8639002AEFFF /* ViewController.swift in Sources */,
				23AEB9981A2F8639002AEFFF /* AppDelegate.swift in Sources */,
			);
			runOnlyForDeploymentPostprocessing = 0;
		};
		23AEB9A31A2F8639002AEFFF /* Sources */ = {
			isa = PBXSourcesBuildPhase;
			buildActionMask = 2147483647;
			files = (
				23AEB9AE1A2F8639002AEFFF /* SlotMachineTests.swift in Sources */,
			);
			runOnlyForDeploymentPostprocessing = 0;
		};
/* End PBXSourcesBuildPhase section */

/* Begin PBXTargetDependency section */
		23AEB9A91A2F8639002AEFFF /* PBXTargetDependency */ = {
			isa = PBXTargetDependency;
			target = 23AEB9911A2F8639002AEFFF /* SlotMachine */;
			targetProxy = 23AEB9A81A2F8639002AEFFF /* PBXContainerItemProxy */;
		};
/* End PBXTargetDependency section */

/* Begin PBXVariantGroup section */
		23AEB99B1A2F8639002AEFFF /* Main.storyboard */ = {
			isa = PBXVariantGroup;
			children = (
				23AEB99C1A2F8639002AEFFF /* Base */,
			);
			name = Main.storyboard;
			sourceTree = "<group>";
		};
		23AEB9A01A2F8639002AEFFF /* LaunchScreen.xib */ = {
			isa = PBXVariantGroup;
			children = (
				23AEB9A11A2F8639002AEFFF /* Base */,
			);
			name = LaunchScreen.xib;
			sourceTree = "<group>";
		};
/* End PBXVariantGroup section */

/* Begin XCBuildConfiguration section */
		23AEB9AF1A2F8639002AEFFF /* Debug */ = {
			isa = XCBuildConfiguration;
			buildSettings = {
				ALWAYS_SEARCH_USER_PATHS = NO;
				CLANG_CXX_LANGUAGE_STANDARD = "gnu++0x";
				CLANG_CXX_LIBRARY = "libc++";
				CLANG_ENABLE_MODULES = YES;
				CLANG_ENABLE_OBJC_ARC = YES;
				CLANG_WARN_BOOL_CONVERSION = YES;
				CLANG_WARN_CONSTANT_CONVERSION = YES;
				CLANG_WARN_DIRECT_OBJC_ISA_USAGE = YES_ERROR;
				CLANG_WARN_EMPTY_BODY = YES;
				CLANG_WARN_ENUM_CONVERSION = YES;
				CLANG_WARN_INT_CONVERSION = YES;
				CLANG_WARN_OBJC_ROOT_CLASS = YES_ERROR;
				CLANG_WARN_UNREACHABLE_CODE = YES;
				CLANG_WARN__DUPLICATE_METHOD_MATCH = YES;
				"CODE_SIGN_IDENTITY[sdk=iphoneos*]" = "iPhone Developer";
				COPY_PHASE_STRIP = NO;
				ENABLE_STRICT_OBJC_MSGSEND = YES;
				GCC_C_LANGUAGE_STANDARD = gnu99;
				GCC_DYNAMIC_NO_PIC = NO;
				GCC_OPTIMIZATION_LEVEL = 0;
				GCC_PREPROCESSOR_DEFINITIONS = (
					"DEBUG=1",
					"$(inherited)",
				);
				GCC_SYMBOLS_PRIVATE_EXTERN = NO;
				GCC_WARN_64_TO_32_BIT_CONVERSION = YES;
				GCC_WARN_ABOUT_RETURN_TYPE = YES_ERROR;
				GCC_WARN_UNDECLARED_SELECTOR = YES;
				GCC_WARN_UNINITIALIZED_AUTOS = YES_AGGRESSIVE;
				GCC_WARN_UNUSED_FUNCTION = YES;
				GCC_WARN_UNUSED_VARIABLE = YES;
				IPHONEOS_DEPLOYMENT_TARGET = 8.1;
				MTL_ENABLE_DEBUG_INFO = YES;
				ONLY_ACTIVE_ARCH = YES;
				SDKROOT = iphoneos;
				SWIFT_OPTIMIZATION_LEVEL = "-Onone";
				TARGETED_DEVICE_FAMILY = "1,2";
			};
			name = Debug;
		};
		23AEB9B01A2F8639002AEFFF /* Release */ = {
			isa = XCBuildConfiguration;
			buildSettings = {
				ALWAYS_SEARCH_USER_PATHS = NO;
				CLANG_CXX_LANGUAGE_STANDARD = "gnu++0x";
				CLANG_CXX_LIBRARY = "libc++";
				CLANG_ENABLE_MODULES = YES;
				CLANG_ENABLE_OBJC_ARC = YES;
				CLANG_WARN_BOOL_CONVERSION = YES;
				CLANG_WARN_CONSTANT_CONVERSION = YES;
				CLANG_WARN_DIRECT_OBJC_ISA_USAGE = YES_ERROR;
				CLANG_WARN_EMPTY_BODY = YES;
				CLANG_WARN_ENUM_CONVERSION = YES;
				CLANG_WARN_INT_CONVERSION = YES;
				CLANG_WARN_OBJC_ROOT_CLASS = YES_ERROR;
				CLANG_WARN_UNREACHABLE_CODE = YES;
				CLANG_WARN__DUPLICATE_METHOD_MATCH = YES;
				"CODE_SIGN_IDENTITY[sdk=iphoneos*]" = "iPhone Developer";
				COPY_PHASE_STRIP = YES;
				ENABLE_NS_ASSERTIONS = NO;
				ENABLE_STRICT_OBJC_MSGSEND = YES;
				GCC_C_LANGUAGE_STANDARD = gnu99;
				GCC_WARN_64_TO_32_BIT_CONVERSION = YES;
				GCC_WARN_ABOUT_RETURN_TYPE = YES_ERROR;
				GCC_WARN_UNDECLARED_SELECTOR = YES;
				GCC_WARN_UNINITIALIZED_AUTOS = YES_AGGRESSIVE;
				GCC_WARN_UNUSED_FUNCTION = YES;
				GCC_WARN_UNUSED_VARIABLE = YES;
				IPHONEOS_DEPLOYMENT_TARGET = 8.1;
				MTL_ENABLE_DEBUG_INFO = NO;
				SDKROOT = iphoneos;
				TARGETED_DEVICE_FAMILY = "1,2";
				VALIDATE_PRODUCT = YES;
			};
			name = Release;
		};
		23AEB9B21A2F8639002AEFFF /* Debug */ = {
			isa = XCBuildConfiguration;
			buildSettings = {
				ASSETCATALOG_COMPILER_APPICON_NAME = AppIcon;
				INFOPLIST_FILE = SlotMachine/Info.plist;
				LD_RUNPATH_SEARCH_PATHS = "$(inherited) @executable_path/Frameworks";
				PRODUCT_NAME = "$(TARGET_NAME)";
			};
			name = Debug;
		};
		23AEB9B31A2F8639002AEFFF /* Release */ = {
			isa = XCBuildConfiguration;
			buildSettings = {
				ASSETCATALOG_COMPILER_APPICON_NAME = AppIcon;
				INFOPLIST_FILE = SlotMachine/Info.plist;
				LD_RUNPATH_SEARCH_PATHS = "$(inherited) @executable_path/Frameworks";
				PRODUCT_NAME = "$(TARGET_NAME)";
			};
			name = Release;
		};
		23AEB9B51A2F8639002AEFFF /* Debug */ = {
			isa = XCBuildConfiguration;
			buildSettings = {
				BUNDLE_LOADER = "$(TEST_HOST)";
				FRAMEWORK_SEARCH_PATHS = (
					"$(SDKROOT)/Developer/Library/Frameworks",
					"$(inherited)",
				);
				GCC_PREPROCESSOR_DEFINITIONS = (
					"DEBUG=1",
					"$(inherited)",
				);
				INFOPLIST_FILE = SlotMachineTests/Info.plist;
				LD_RUNPATH_SEARCH_PATHS = "$(inherited) @executable_path/Frameworks @loader_path/Frameworks";
				PRODUCT_NAME = "$(TARGET_NAME)";
				TEST_HOST = "$(BUILT_PRODUCTS_DIR)/SlotMachine.app/SlotMachine";
			};
			name = Debug;
		};
		23AEB9B61A2F8639002AEFFF /* Release */ = {
			isa = XCBuildConfiguration;
			buildSettings = {
				BUNDLE_LOADER = "$(TEST_HOST)";
				FRAMEWORK_SEARCH_PATHS = (
					"$(SDKROOT)/Developer/Library/Frameworks",
					"$(inherited)",
				);
				INFOPLIST_FILE = SlotMachineTests/Info.plist;
				LD_RUNPATH_SEARCH_PATHS = "$(inherited) @executable_path/Frameworks @loader_path/Frameworks";
				PRODUCT_NAME = "$(TARGET_NAME)";
				TEST_HOST = "$(BUILT_PRODUCTS_DIR)/SlotMachine.app/SlotMachine";
			};
			name = Release;
		};
/* End XCBuildConfiguration section */

/* Begin XCConfigurationList section */
		23AEB98D1A2F8639002AEFFF /* Build configuration list for PBXProject "SlotMachine" */ = {
			isa = XCConfigurationList;
			buildConfigurations = (
				23AEB9AF1A2F8639002AEFFF /* Debug */,
				23AEB9B01A2F8639002AEFFF /* Release */,
			);
			defaultConfigurationIsVisible = 0;
			defaultConfigurationName = Release;
		};
		23AEB9B11A2F8639002AEFFF /* Build configuration list for PBXNativeTarget "SlotMachine" */ = {
			isa = XCConfigurationList;
			buildConfigurations = (
				23AEB9B21A2F8639002AEFFF /* Debug */,
				23AEB9B31A2F8639002AEFFF /* Release */,
			);
			defaultConfigurationIsVisible = 0;
		};
		23AEB9B41A2F8639002AEFFF /* Build configuration list for PBXNativeTarget "SlotMachineTests" */ = {
			isa = XCConfigurationList;
			buildConfigurations = (
				23AEB9B51A2F8639002AEFFF /* Debug */,
				23AEB9B61A2F8639002AEFFF /* Release */,
			);
			defaultConfigurationIsVisible = 0;
		};
/* End XCConfigurationList section */
	};
	rootObject = 23AEB98A1A2F8639002AEFFF /* Project object */;
}
